
Microsoft Visual Studio Solution File, Format Version 12.00
# Visual Studio 15
VisualStudioVersion = 15.0.27130.2027
MinimumVisualStudioVersion = 10.0.40219.1
Project("{FAE04EC0-301F-11D3-BF4B-00C04F79EFBC}") = "Chapter2", "ConsoleApp1\Chapter2.csproj", "{9BD005FE-2248-49D7-AD55-524EFAAB8628}"
EndProject
Project("{FAE04EC0-301F-11D3-BF4B-00C04F79EFBC}") = "Chapter3", "Chapter3\Chapter3.csproj", "{3112C5B2-07F5-4939-802D-246543661303}"
EndProject
Project("{FAE04EC0-301F-11D3-BF4B-00C04F79EFBC}") = "Chapter4", "Chapter4\Chapter4.csproj", "{1C3377AA-F163-4336-83C4-8665AA4C6F22}"
EndProject
Global
	GlobalSection(SolutionConfigurationPlatforms) = preSolution
		Debug|Any CPU = Debug|Any CPU
		Release|Any CPU = Release|Any CPU
	EndGlobalSection
	GlobalSection(ProjectConfigurationPlatforms) = postSolution
		{9BD005FE-2248-49D7-AD55-524EFAAB8628}.Debug|Any CPU.ActiveCfg = Debug|Any CPU
		{9BD005FE-2248-49D7-AD55-524EFAAB8628}.Debug|Any CPU.Build.0 = Debug|Any CPU
		{9BD005FE-2248-49D7-AD55-524EFAAB8628}.Release|Any CPU.ActiveCfg = Release|Any CPU
		{9BD005FE-2248-49D7-AD55-524EFAAB8628}.Release|Any CPU.Build.0 = Release|Any CPU
		{3112C5B2-07F5-4939-802D-246543661303}.Debug|Any CPU.ActiveCfg = Debug|Any CPU
		{3112C5B2-07F5-4939-802D-246543661303}.Debug|Any CPU.Build.0 = Debug|Any CPU
		{3112C5B2-07F5-4939-802D-246543661303}.Release|Any CPU.ActiveCfg = Release|Any CPU
		{3112C5B2-07F5-4939-802D-246543661303}.Release|Any CPU.Build.0 = Release|Any CPU
		{1C3377AA-F163-4336-83C4-8665AA4C6F22}.Debug|Any CPU.ActiveCfg = Debug|Any CPU
		{1C3377AA-F163-4336-83C4-8665AA4C6F22}.Debug|Any CPU.Build.0 = Debug|Any CPU
		{1C3377AA-F163-4336-83C4-8665AA4C6F22}.Release|Any CPU.ActiveCfg = Release|Any CPU
		{1C3377AA-F163-4336-83C4-8665AA4C6F22}.Release|Any CPU.Build.0 = Release|Any CPU
	EndGlobalSection
	GlobalSection(SolutionProperties) = preSolution
		HideSolutionNode = FALSE
	EndGlobalSection
	GlobalSection(ExtensibilityGlobals) = postSolution
		SolutionGuid = {635A7DAE-5251-4150-B531-FC710F4075AF}
	EndGlobalSection
EndGlobal
